
Microsoft Visual Studio Solution File, Format Version 12.00
# Visual Studio 15
VisualStudioVersion = 15.0.28307.852
MinimumVisualStudioVersion = 10.0.40219.1
Project("{FAE04EC0-301F-11D3-BF4B-00C04F79EFBC}") = "Training1", "Training1\Training1.csproj", "{8F1025C6-4D6D-430B-8DFF-D5F57C445BAA}"
EndProject
Project("{FAE04EC0-301F-11D3-BF4B-00C04F79EFBC}") = "Training2", "Training2\Training2.csproj", "{F7B05407-EDBE-4931-9147-D9D31AEF254F}"
EndProject
Project("{FAE04EC0-301F-11D3-BF4B-00C04F79EFBC}") = "Training3", "Training3\Training3.csproj", "{39FE07C5-E315-48E4-957D-2F0C825086A9}"
EndProject
Project("{FAE04EC0-301F-11D3-BF4B-00C04F79EFBC}") = "PrinterHelpers", "PrinterHelpers\PrinterHelpers.csproj", "{C0091FB5-3458-41D5-8C8C-4AC6C62DC3C7}"
EndProject
Project("{FAE04EC0-301F-11D3-BF4B-00C04F79EFBC}") = "RunProject", "RunProject\RunProject.csproj", "{E368B905-4934-4827-ACE3-0956BFC911CF}"
EndProject
Project("{FAE04EC0-301F-11D3-BF4B-00C04F79EFBC}") = "Logger", "Logger\Logger.csproj", "{15BE4A8A-1140-4DA9-BE94-AAE919C61779}"
EndProject
Project("{FAE04EC0-301F-11D3-BF4B-00C04F79EFBC}") = "Training5", "Training5\Training5.csproj", "{F8CFA74D-E5CA-4320-A5D7-FE93040C4723}"
EndProject
Project("{FAE04EC0-301F-11D3-BF4B-00C04F79EFBC}") = "TestProjectForLoggers", "TestProjectForLoggers\TestProjectForLoggers.csproj", "{0424CA81-4411-4D3D-8CED-16EC8A02F8CE}"
EndProject
Project("{FAE04EC0-301F-11D3-BF4B-00C04F79EFBC}") = "Training7", "Training7\Training7.csproj", "{A3D61407-B347-482C-B2CC-CC98EF51500B}"
EndProject
Project("{FAE04EC0-301F-11D3-BF4B-00C04F79EFBC}") = "Training8", "Training8\Training8.csproj", "{55DC2CAA-7AFB-443E-947B-3DC25D538D96}"
EndProject
Project("{FAE04EC0-301F-11D3-BF4B-00C04F79EFBC}") = "Training9", "Training9\Training9.csproj", "{40B23023-889B-4AB1-8D4F-9B73A9AF22EA}"
EndProject
Project("{FAE04EC0-301F-11D3-BF4B-00C04F79EFBC}") = "AsyncAwait", "AsyncAwait\AsyncAwait.csproj", "{E22D9F9F-59BC-4C48-92BB-956201FB45F6}"
EndProject
Project("{9A19103F-16F7-4668-BE54-9A1E7A4F7556}") = "DependenyInjection", "DependenyInjection\DependenyInjection.csproj", "{2C004A21-C29F-404F-A479-880B5FFF4122}"
EndProject
Project("{FAE04EC0-301F-11D3-BF4B-00C04F79EFBC}") = "IOCcontainer", "IOCcontainer\IOCcontainer.csproj", "{EE92EAFF-539B-4A80-B2CD-A51678C36238}"
EndProject
Project("{2150E333-8FDC-42A3-9474-1A3956D46DE8}") = "TrainingWithTests", "TrainingWithTests", "{11556378-141A-4D1B-B96E-C835A44B4040}"
EndProject
Project("{2150E333-8FDC-42A3-9474-1A3956D46DE8}") = "For Unit Tests", "For Unit Tests", "{13722D7F-CF7C-4534-A153-DD41B7FCF0CF}"
EndProject
Project("{9A19103F-16F7-4668-BE54-9A1E7A4F7556}") = "SchoolProject", "SchoolProject\SchoolProject.csproj", "{B095F209-AB67-4E42-B20C-0C00E23123B5}"
EndProject
Project("{FAE04EC0-301F-11D3-BF4B-00C04F79EFBC}") = "ConsoleApplicationBase", "ConsoleApplicationBase\ConsoleApplicationBase\ConsoleApplicationBase.csproj", "{D21CC334-9E7D-4A29-B6F9-5120351EC703}"
EndProject
Project("{FAE04EC0-301F-11D3-BF4B-00C04F79EFBC}") = "DllLoader", "DllLoader\DllLoader.csproj", "{8BB8842B-2992-4758-A06D-AABC40FF84F6}"
EndProject
Project("{FAE04EC0-301F-11D3-BF4B-00C04F79EFBC}") = "TestForDllLoader", "TestForDllLoader\TestForDllLoader.csproj", "{59E85228-97DF-4927-A702-AA119C711EC6}"
EndProject
Global
	GlobalSection(SolutionConfigurationPlatforms) = preSolution
		Debug|Any CPU = Debug|Any CPU
		Release|Any CPU = Release|Any CPU
	EndGlobalSection
	GlobalSection(ProjectConfigurationPlatforms) = postSolution
		{8F1025C6-4D6D-430B-8DFF-D5F57C445BAA}.Debug|Any CPU.ActiveCfg = Debug|Any CPU
		{8F1025C6-4D6D-430B-8DFF-D5F57C445BAA}.Debug|Any CPU.Build.0 = Debug|Any CPU
		{8F1025C6-4D6D-430B-8DFF-D5F57C445BAA}.Release|Any CPU.ActiveCfg = Release|Any CPU
		{8F1025C6-4D6D-430B-8DFF-D5F57C445BAA}.Release|Any CPU.Build.0 = Release|Any CPU
		{F7B05407-EDBE-4931-9147-D9D31AEF254F}.Debug|Any CPU.ActiveCfg = Debug|Any CPU
		{F7B05407-EDBE-4931-9147-D9D31AEF254F}.Debug|Any CPU.Build.0 = Debug|Any CPU
		{F7B05407-EDBE-4931-9147-D9D31AEF254F}.Release|Any CPU.ActiveCfg = Release|Any CPU
		{F7B05407-EDBE-4931-9147-D9D31AEF254F}.Release|Any CPU.Build.0 = Release|Any CPU
		{39FE07C5-E315-48E4-957D-2F0C825086A9}.Debug|Any CPU.ActiveCfg = Debug|Any CPU
		{39FE07C5-E315-48E4-957D-2F0C825086A9}.Debug|Any CPU.Build.0 = Debug|Any CPU
		{39FE07C5-E315-48E4-957D-2F0C825086A9}.Release|Any CPU.ActiveCfg = Release|Any CPU
		{39FE07C5-E315-48E4-957D-2F0C825086A9}.Release|Any CPU.Build.0 = Release|Any CPU
		{C0091FB5-3458-41D5-8C8C-4AC6C62DC3C7}.Debug|Any CPU.ActiveCfg = Debug|Any CPU
		{C0091FB5-3458-41D5-8C8C-4AC6C62DC3C7}.Debug|Any CPU.Build.0 = Debug|Any CPU
		{C0091FB5-3458-41D5-8C8C-4AC6C62DC3C7}.Release|Any CPU.ActiveCfg = Release|Any CPU
		{C0091FB5-3458-41D5-8C8C-4AC6C62DC3C7}.Release|Any CPU.Build.0 = Release|Any CPU
		{E368B905-4934-4827-ACE3-0956BFC911CF}.Debug|Any CPU.ActiveCfg = Debug|Any CPU
		{E368B905-4934-4827-ACE3-0956BFC911CF}.Debug|Any CPU.Build.0 = Debug|Any CPU
		{E368B905-4934-4827-ACE3-0956BFC911CF}.Release|Any CPU.ActiveCfg = Release|Any CPU
		{E368B905-4934-4827-ACE3-0956BFC911CF}.Release|Any CPU.Build.0 = Release|Any CPU
		{15BE4A8A-1140-4DA9-BE94-AAE919C61779}.Debug|Any CPU.ActiveCfg = Debug|Any CPU
		{15BE4A8A-1140-4DA9-BE94-AAE919C61779}.Debug|Any CPU.Build.0 = Debug|Any CPU
		{15BE4A8A-1140-4DA9-BE94-AAE919C61779}.Release|Any CPU.ActiveCfg = Release|Any CPU
		{15BE4A8A-1140-4DA9-BE94-AAE919C61779}.Release|Any CPU.Build.0 = Release|Any CPU
		{F8CFA74D-E5CA-4320-A5D7-FE93040C4723}.Debug|Any CPU.ActiveCfg = Debug|Any CPU
		{F8CFA74D-E5CA-4320-A5D7-FE93040C4723}.Debug|Any CPU.Build.0 = Debug|Any CPU
		{F8CFA74D-E5CA-4320-A5D7-FE93040C4723}.Release|Any CPU.ActiveCfg = Release|Any CPU
		{F8CFA74D-E5CA-4320-A5D7-FE93040C4723}.Release|Any CPU.Build.0 = Release|Any CPU
		{0424CA81-4411-4D3D-8CED-16EC8A02F8CE}.Debug|Any CPU.ActiveCfg = Debug|Any CPU
		{0424CA81-4411-4D3D-8CED-16EC8A02F8CE}.Debug|Any CPU.Build.0 = Debug|Any CPU
		{0424CA81-4411-4D3D-8CED-16EC8A02F8CE}.Release|Any CPU.ActiveCfg = Release|Any CPU
		{0424CA81-4411-4D3D-8CED-16EC8A02F8CE}.Release|Any CPU.Build.0 = Release|Any CPU
		{A3D61407-B347-482C-B2CC-CC98EF51500B}.Debug|Any CPU.ActiveCfg = Debug|Any CPU
		{A3D61407-B347-482C-B2CC-CC98EF51500B}.Debug|Any CPU.Build.0 = Debug|Any CPU
		{A3D61407-B347-482C-B2CC-CC98EF51500B}.Release|Any CPU.ActiveCfg = Release|Any CPU
		{A3D61407-B347-482C-B2CC-CC98EF51500B}.Release|Any CPU.Build.0 = Release|Any CPU
		{55DC2CAA-7AFB-443E-947B-3DC25D538D96}.Debug|Any CPU.ActiveCfg = Debug|Any CPU
		{55DC2CAA-7AFB-443E-947B-3DC25D538D96}.Debug|Any CPU.Build.0 = Debug|Any CPU
		{55DC2CAA-7AFB-443E-947B-3DC25D538D96}.Release|Any CPU.ActiveCfg = Release|Any CPU
		{55DC2CAA-7AFB-443E-947B-3DC25D538D96}.Release|Any CPU.Build.0 = Release|Any CPU
		{40B23023-889B-4AB1-8D4F-9B73A9AF22EA}.Debug|Any CPU.ActiveCfg = Debug|Any CPU
		{40B23023-889B-4AB1-8D4F-9B73A9AF22EA}.Debug|Any CPU.Build.0 = Debug|Any CPU
		{40B23023-889B-4AB1-8D4F-9B73A9AF22EA}.Release|Any CPU.ActiveCfg = Release|Any CPU
		{40B23023-889B-4AB1-8D4F-9B73A9AF22EA}.Release|Any CPU.Build.0 = Release|Any CPU
		{E22D9F9F-59BC-4C48-92BB-956201FB45F6}.Debug|Any CPU.ActiveCfg = Debug|Any CPU
		{E22D9F9F-59BC-4C48-92BB-956201FB45F6}.Debug|Any CPU.Build.0 = Debug|Any CPU
		{E22D9F9F-59BC-4C48-92BB-956201FB45F6}.Release|Any CPU.ActiveCfg = Release|Any CPU
		{E22D9F9F-59BC-4C48-92BB-956201FB45F6}.Release|Any CPU.Build.0 = Release|Any CPU
		{2C004A21-C29F-404F-A479-880B5FFF4122}.Debug|Any CPU.ActiveCfg = Debug|Any CPU
		{2C004A21-C29F-404F-A479-880B5FFF4122}.Debug|Any CPU.Build.0 = Debug|Any CPU
		{2C004A21-C29F-404F-A479-880B5FFF4122}.Release|Any CPU.ActiveCfg = Release|Any CPU
		{2C004A21-C29F-404F-A479-880B5FFF4122}.Release|Any CPU.Build.0 = Release|Any CPU
		{EE92EAFF-539B-4A80-B2CD-A51678C36238}.Debug|Any CPU.ActiveCfg = Debug|Any CPU
		{EE92EAFF-539B-4A80-B2CD-A51678C36238}.Debug|Any CPU.Build.0 = Debug|Any CPU
		{EE92EAFF-539B-4A80-B2CD-A51678C36238}.Release|Any CPU.ActiveCfg = Release|Any CPU
		{EE92EAFF-539B-4A80-B2CD-A51678C36238}.Release|Any CPU.Build.0 = Release|Any CPU
		{B095F209-AB67-4E42-B20C-0C00E23123B5}.Debug|Any CPU.ActiveCfg = Debug|Any CPU
		{B095F209-AB67-4E42-B20C-0C00E23123B5}.Debug|Any CPU.Build.0 = Debug|Any CPU
		{B095F209-AB67-4E42-B20C-0C00E23123B5}.Release|Any CPU.ActiveCfg = Release|Any CPU
		{B095F209-AB67-4E42-B20C-0C00E23123B5}.Release|Any CPU.Build.0 = Release|Any CPU
		{D21CC334-9E7D-4A29-B6F9-5120351EC703}.Debug|Any CPU.ActiveCfg = Debug|Any CPU
		{D21CC334-9E7D-4A29-B6F9-5120351EC703}.Debug|Any CPU.Build.0 = Debug|Any CPU
		{D21CC334-9E7D-4A29-B6F9-5120351EC703}.Release|Any CPU.ActiveCfg = Release|Any CPU
		{D21CC334-9E7D-4A29-B6F9-5120351EC703}.Release|Any CPU.Build.0 = Release|Any CPU
		{8BB8842B-2992-4758-A06D-AABC40FF84F6}.Debug|Any CPU.ActiveCfg = Debug|Any CPU
		{8BB8842B-2992-4758-A06D-AABC40FF84F6}.Debug|Any CPU.Build.0 = Debug|Any CPU
		{8BB8842B-2992-4758-A06D-AABC40FF84F6}.Release|Any CPU.ActiveCfg = Release|Any CPU
		{8BB8842B-2992-4758-A06D-AABC40FF84F6}.Release|Any CPU.Build.0 = Release|Any CPU
		{59E85228-97DF-4927-A702-AA119C711EC6}.Debug|Any CPU.ActiveCfg = Debug|Any CPU
		{59E85228-97DF-4927-A702-AA119C711EC6}.Debug|Any CPU.Build.0 = Debug|Any CPU
		{59E85228-97DF-4927-A702-AA119C711EC6}.Release|Any CPU.ActiveCfg = Release|Any CPU
		{59E85228-97DF-4927-A702-AA119C711EC6}.Release|Any CPU.Build.0 = Release|Any CPU
	EndGlobalSection
	GlobalSection(SolutionProperties) = preSolution
		HideSolutionNode = FALSE
	EndGlobalSection
	GlobalSection(NestedProjects) = preSolution
		{13722D7F-CF7C-4534-A153-DD41B7FCF0CF} = {11556378-141A-4D1B-B96E-C835A44B4040}
		{B095F209-AB67-4E42-B20C-0C00E23123B5} = {13722D7F-CF7C-4534-A153-DD41B7FCF0CF}
	EndGlobalSection
	GlobalSection(ExtensibilityGlobals) = postSolution
		SolutionGuid = {5279EAF8-AEC0-4439-8DC1-9487C2617919}
	EndGlobalSection
EndGlobal
